{
  "name": "moodle-local_ci",
  "version": "0.0.1",
  "lockfileVersion": 2,
  "requires": true,
  "packages": {
    "": {
      "name": "moodle-local_ci",
      "version": "0.0.1",
      "dependencies": {
        "vnu-jar": "18.11.5"
      }
    },
    "node_modules/vnu-jar": {
      "version": "18.11.5",
      "resolved": "https://registry.npmjs.org/vnu-jar/-/vnu-jar-18.11.5.tgz",
      "integrity": "sha512-XxTYLOUgQYdvIlAgX1BtxZiQ97/OKuBaEojqZdjMnjI+OXDkSyQGNGpzUQIQygeRrFVdQ1/eAVfiRE/iIlV0fg==",
      "engines": {
        "node": ">=0.10"
      }
    }
  },
  "dependencies": {
    "vnu-jar": {
      "version": "18.11.5",
      "resolved": "https://registry.npmjs.org/vnu-jar/-/vnu-jar-18.11.5.tgz",
      "integrity": "sha512-XxTYLOUgQYdvIlAgX1BtxZiQ97/OKuBaEojqZdjMnjI+OXDkSyQGNGpzUQIQygeRrFVdQ1/eAVfiRE/iIlV0fg=="
    }
  }
}
